// !$*UTF8*$!
{
	archiveVersion = 1;
	classes = {
	};
	objectVersion = 56;
	objects = {

/* Begin PBXBuildFile section */
		02DA1C60F6409F8DA5500FE5 /* Pods_Pitaza170_Pitaza170UITests.framework in Frameworks */ = {isa = PBXBuildFile; fileRef = 19E766F820096CED64B759B7 /* Pods_Pitaza170_Pitaza170UITests.framework */; };
		2C0655DB292820E1006F79DA /* InsetsProvider.swift in Sources */ = {isa = PBXBuildFile; fileRef = 2C0655DA292820E1006F79DA /* InsetsProvider.swift */; };
		2C0655DD29282CA3006F79DA /* AuthenticationViewController.swift in Sources */ = {isa = PBXBuildFile; fileRef = 2C0655DC29282CA3006F79DA /* AuthenticationViewController.swift */; };
		2C0655DF292835B1006F79DA /* AuthenticationTextField.swift in Sources */ = {isa = PBXBuildFile; fileRef = 2C0655DE292835B1006F79DA /* AuthenticationTextField.swift */; };
		2C8F273D2927F67F0014B007 /* AppDelegate.swift in Sources */ = {isa = PBXBuildFile; fileRef = 2C8F273C2927F67F0014B007 /* AppDelegate.swift */; };
		2C8F273F2927F67F0014B007 /* SceneDelegate.swift in Sources */ = {isa = PBXBuildFile; fileRef = 2C8F273E2927F67F0014B007 /* SceneDelegate.swift */; };
		2C8F27462927F6810014B007 /* Assets.xcassets in Resources */ = {isa = PBXBuildFile; fileRef = 2C8F27452927F6810014B007 /* Assets.xcassets */; };
		2C8F27492927F6810014B007 /* LaunchScreen.storyboard in Resources */ = {isa = PBXBuildFile; fileRef = 2C8F27472927F6810014B007 /* LaunchScreen.storyboard */; };
		2C8F27542927F6810014B007 /* Pitaza170Tests.swift in Sources */ = {isa = PBXBuildFile; fileRef = 2C8F27532927F6810014B007 /* Pitaza170Tests.swift */; };
		2C8F275E2927F6810014B007 /* Pitaza170UITests.swift in Sources */ = {isa = PBXBuildFile; fileRef = 2C8F275D2927F6810014B007 /* Pitaza170UITests.swift */; };
		2C8F27602927F6810014B007 /* Pitaza170UITestsLaunchTests.swift in Sources */ = {isa = PBXBuildFile; fileRef = 2C8F275F2927F6810014B007 /* Pitaza170UITestsLaunchTests.swift */; };
		2C8F276D2927FAAA0014B007 /* AppGraph.swift in Sources */ = {isa = PBXBuildFile; fileRef = 2C8F276C2927FAAA0014B007 /* AppGraph.swift */; };
		2C8F2779292813BB0014B007 /* LoginViewController.swift in Sources */ = {isa = PBXBuildFile; fileRef = 2C8F2778292813BB0014B007 /* LoginViewController.swift */; };
		2C8F277E292816BF0014B007 /* AuthenticationButton.swift in Sources */ = {isa = PBXBuildFile; fileRef = 2C8F277D292816BF0014B007 /* AuthenticationButton.swift */; };
		2CEEC3AF29291E1900652C35 /* CAGradientLayer+Extension.swift in Sources */ = {isa = PBXBuildFile; fileRef = 2CEEC3AE29291E1900652C35 /* CAGradientLayer+Extension.swift */; };
		2CEEC3B129291E4000652C35 /* UIView+Extension.swift in Sources */ = {isa = PBXBuildFile; fileRef = 2CEEC3B029291E4000652C35 /* UIView+Extension.swift */; };
		2DF7061CC45C54A8D878C42A /* Pods_Pitaza170.framework in Frameworks */ = {isa = PBXBuildFile; fileRef = 61A56304943E601CB2C32C34 /* Pods_Pitaza170.framework */; };
		944C72E1ECCA0B94D47035A2 /* Pods_Pitaza170Tests.framework in Frameworks */ = {isa = PBXBuildFile; fileRef = F55553A29B707A4EE31E1F61 /* Pods_Pitaza170Tests.framework */; };
		ADE3341F292910B100DDB303 /* InternetService.swift in Sources */ = {isa = PBXBuildFile; fileRef = ADE3341E292910B100DDB303 /* InternetService.swift */; };
		ADE33421292910B200DDB303 /* PhotoService.swift in Sources */ = {isa = PBXBuildFile; fileRef = ADE33420292910B200DDB303 /* PhotoService.swift */; };
		ADE3343C292911E500DDB303 /* InputOutputBagView.swift in Sources */ = {isa = PBXBuildFile; fileRef = ADE3342B292911E500DDB303 /* InputOutputBagView.swift */; };
		ADE3343D292911E500DDB303 /* BagViewPresenter.swift in Sources */ = {isa = PBXBuildFile; fileRef = ADE3342C292911E500DDB303 /* BagViewPresenter.swift */; };
		ADE3343E292911E500DDB303 /* UserCurrencyModel.swift in Sources */ = {isa = PBXBuildFile; fileRef = ADE3342E292911E500DDB303 /* UserCurrencyModel.swift */; };
		ADE3343F292911E500DDB303 /* UserRubles.swift in Sources */ = {isa = PBXBuildFile; fileRef = ADE3342F292911E500DDB303 /* UserRubles.swift */; };
		ADE33440292911E500DDB303 /* BagViewController.swift in Sources */ = {isa = PBXBuildFile; fileRef = ADE33431292911E500DDB303 /* BagViewController.swift */; };
		ADE33441292911E500DDB303 /* BalanceViewController.swift in Sources */ = {isa = PBXBuildFile; fileRef = ADE33433292911E500DDB303 /* BalanceViewController.swift */; };
		ADE33442292911E500DDB303 /* BalanceView.swift in Sources */ = {isa = PBXBuildFile; fileRef = ADE33434292911E500DDB303 /* BalanceView.swift */; };
		ADE33443292911E500DDB303 /* BagView.swift in Sources */ = {isa = PBXBuildFile; fileRef = ADE33435292911E500DDB303 /* BagView.swift */; };
		ADE33444292911E500DDB303 /* CurrenciesTableViewController.swift in Sources */ = {isa = PBXBuildFile; fileRef = ADE33438292911E500DDB303 /* CurrenciesTableViewController.swift */; };
		ADE33445292911E500DDB303 /* CurrenciesTableViewCell.swift in Sources */ = {isa = PBXBuildFile; fileRef = ADE3343A292911E500DDB303 /* CurrenciesTableViewCell.swift */; };
		ADE33446292911E500DDB303 /* CurrenciesTableView.swift in Sources */ = {isa = PBXBuildFile; fileRef = ADE3343B292911E500DDB303 /* CurrenciesTableView.swift */; };
		ADE334492929123F00DDB303 /* CAGradientLayerExtension.swift in Sources */ = {isa = PBXBuildFile; fileRef = ADE334482929123F00DDB303 /* CAGradientLayerExtension.swift */; };
/* End PBXBuildFile section */

/* Begin PBXContainerItemProxy section */
		2C8F27502927F6810014B007 /* PBXContainerItemProxy */ = {
			isa = PBXContainerItemProxy;
			containerPortal = 2C8F27312927F67F0014B007 /* Project object */;
			proxyType = 1;
			remoteGlobalIDString = 2C8F27382927F67F0014B007;
			remoteInfo = Pitaza170;
		};
		2C8F275A2927F6810014B007 /* PBXContainerItemProxy */ = {
			isa = PBXContainerItemProxy;
			containerPortal = 2C8F27312927F67F0014B007 /* Project object */;
			proxyType = 1;
			remoteGlobalIDString = 2C8F27382927F67F0014B007;
			remoteInfo = Pitaza170;
		};
/* End PBXContainerItemProxy section */

/* Begin PBXFileReference section */
		19E766F820096CED64B759B7 /* Pods_Pitaza170_Pitaza170UITests.framework */ = {isa = PBXFileReference; explicitFileType = wrapper.framework; includeInIndex = 0; path = Pods_Pitaza170_Pitaza170UITests.framework; sourceTree = BUILT_PRODUCTS_DIR; };
		2C0655DA292820E1006F79DA /* InsetsProvider.swift */ = {isa = PBXFileReference; lastKnownFileType = sourcecode.swift; path = InsetsProvider.swift; sourceTree = "<group>"; };
		2C0655DC29282CA3006F79DA /* AuthenticationViewController.swift */ = {isa = PBXFileReference; lastKnownFileType = sourcecode.swift; path = AuthenticationViewController.swift; sourceTree = "<group>"; };
		2C0655DE292835B1006F79DA /* AuthenticationTextField.swift */ = {isa = PBXFileReference; lastKnownFileType = sourcecode.swift; path = AuthenticationTextField.swift; sourceTree = "<group>"; };
		2C8F27392927F67F0014B007 /* Pitaza170.app */ = {isa = PBXFileReference; explicitFileType = wrapper.application; includeInIndex = 0; path = Pitaza170.app; sourceTree = BUILT_PRODUCTS_DIR; };
		2C8F273C2927F67F0014B007 /* AppDelegate.swift */ = {isa = PBXFileReference; lastKnownFileType = sourcecode.swift; path = AppDelegate.swift; sourceTree = "<group>"; };
		2C8F273E2927F67F0014B007 /* SceneDelegate.swift */ = {isa = PBXFileReference; lastKnownFileType = sourcecode.swift; path = SceneDelegate.swift; sourceTree = "<group>"; };
		2C8F27452927F6810014B007 /* Assets.xcassets */ = {isa = PBXFileReference; lastKnownFileType = folder.assetcatalog; path = Assets.xcassets; sourceTree = "<group>"; };
		2C8F27482927F6810014B007 /* Base */ = {isa = PBXFileReference; lastKnownFileType = file.storyboard; name = Base; path = Base.lproj/LaunchScreen.storyboard; sourceTree = "<group>"; };
		2C8F274A2927F6810014B007 /* Info.plist */ = {isa = PBXFileReference; lastKnownFileType = text.plist.xml; path = Info.plist; sourceTree = "<group>"; };
		2C8F274F2927F6810014B007 /* Pitaza170Tests.xctest */ = {isa = PBXFileReference; explicitFileType = wrapper.cfbundle; includeInIndex = 0; path = Pitaza170Tests.xctest; sourceTree = BUILT_PRODUCTS_DIR; };
		2C8F27532927F6810014B007 /* Pitaza170Tests.swift */ = {isa = PBXFileReference; lastKnownFileType = sourcecode.swift; path = Pitaza170Tests.swift; sourceTree = "<group>"; };
		2C8F27592927F6810014B007 /* Pitaza170UITests.xctest */ = {isa = PBXFileReference; explicitFileType = wrapper.cfbundle; includeInIndex = 0; path = Pitaza170UITests.xctest; sourceTree = BUILT_PRODUCTS_DIR; };
		2C8F275D2927F6810014B007 /* Pitaza170UITests.swift */ = {isa = PBXFileReference; lastKnownFileType = sourcecode.swift; path = Pitaza170UITests.swift; sourceTree = "<group>"; };
		2C8F275F2927F6810014B007 /* Pitaza170UITestsLaunchTests.swift */ = {isa = PBXFileReference; lastKnownFileType = sourcecode.swift; path = Pitaza170UITestsLaunchTests.swift; sourceTree = "<group>"; };
		2C8F276C2927FAAA0014B007 /* AppGraph.swift */ = {isa = PBXFileReference; lastKnownFileType = sourcecode.swift; path = AppGraph.swift; sourceTree = "<group>"; };
		2C8F2778292813BB0014B007 /* LoginViewController.swift */ = {isa = PBXFileReference; lastKnownFileType = sourcecode.swift; path = LoginViewController.swift; sourceTree = "<group>"; };
		2C8F277D292816BF0014B007 /* AuthenticationButton.swift */ = {isa = PBXFileReference; lastKnownFileType = sourcecode.swift; path = AuthenticationButton.swift; sourceTree = "<group>"; };
		2CEEC3AE29291E1900652C35 /* CAGradientLayer+Extension.swift */ = {isa = PBXFileReference; lastKnownFileType = sourcecode.swift; path = "CAGradientLayer+Extension.swift"; sourceTree = "<group>"; };
		2CEEC3B029291E4000652C35 /* UIView+Extension.swift */ = {isa = PBXFileReference; lastKnownFileType = sourcecode.swift; path = "UIView+Extension.swift"; sourceTree = "<group>"; };
		31E6FA5707C44548DDD31F8B /* Pods-Pitaza170.release.xcconfig */ = {isa = PBXFileReference; includeInIndex = 1; lastKnownFileType = text.xcconfig; name = "Pods-Pitaza170.release.xcconfig"; path = "Target Support Files/Pods-Pitaza170/Pods-Pitaza170.release.xcconfig"; sourceTree = "<group>"; };
		61A56304943E601CB2C32C34 /* Pods_Pitaza170.framework */ = {isa = PBXFileReference; explicitFileType = wrapper.framework; includeInIndex = 0; path = Pods_Pitaza170.framework; sourceTree = BUILT_PRODUCTS_DIR; };
		7FB667142094942B3054B3B7 /* Pods-Pitaza170.debug.xcconfig */ = {isa = PBXFileReference; includeInIndex = 1; lastKnownFileType = text.xcconfig; name = "Pods-Pitaza170.debug.xcconfig"; path = "Target Support Files/Pods-Pitaza170/Pods-Pitaza170.debug.xcconfig"; sourceTree = "<group>"; };
		ADE3341E292910B100DDB303 /* InternetService.swift */ = {isa = PBXFileReference; lastKnownFileType = sourcecode.swift; path = InternetService.swift; sourceTree = "<group>"; };
		ADE33420292910B200DDB303 /* PhotoService.swift */ = {isa = PBXFileReference; lastKnownFileType = sourcecode.swift; path = PhotoService.swift; sourceTree = "<group>"; };
		ADE3342B292911E500DDB303 /* InputOutputBagView.swift */ = {isa = PBXFileReference; fileEncoding = 4; lastKnownFileType = sourcecode.swift; path = InputOutputBagView.swift; sourceTree = "<group>"; };
		ADE3342C292911E500DDB303 /* BagViewPresenter.swift */ = {isa = PBXFileReference; fileEncoding = 4; lastKnownFileType = sourcecode.swift; path = BagViewPresenter.swift; sourceTree = "<group>"; };
		ADE3342E292911E500DDB303 /* UserCurrencyModel.swift */ = {isa = PBXFileReference; fileEncoding = 4; lastKnownFileType = sourcecode.swift; path = UserCurrencyModel.swift; sourceTree = "<group>"; };
		ADE3342F292911E500DDB303 /* UserRubles.swift */ = {isa = PBXFileReference; fileEncoding = 4; lastKnownFileType = sourcecode.swift; path = UserRubles.swift; sourceTree = "<group>"; };
		ADE33431292911E500DDB303 /* BagViewController.swift */ = {isa = PBXFileReference; fileEncoding = 4; lastKnownFileType = sourcecode.swift; path = BagViewController.swift; sourceTree = "<group>"; };
		ADE33433292911E500DDB303 /* BalanceViewController.swift */ = {isa = PBXFileReference; fileEncoding = 4; lastKnownFileType = sourcecode.swift; path = BalanceViewController.swift; sourceTree = "<group>"; };
		ADE33434292911E500DDB303 /* BalanceView.swift */ = {isa = PBXFileReference; fileEncoding = 4; lastKnownFileType = sourcecode.swift; path = BalanceView.swift; sourceTree = "<group>"; };
		ADE33435292911E500DDB303 /* BagView.swift */ = {isa = PBXFileReference; fileEncoding = 4; lastKnownFileType = sourcecode.swift; path = BagView.swift; sourceTree = "<group>"; };
		ADE33438292911E500DDB303 /* CurrenciesTableViewController.swift */ = {isa = PBXFileReference; fileEncoding = 4; lastKnownFileType = sourcecode.swift; path = CurrenciesTableViewController.swift; sourceTree = "<group>"; };
		ADE3343A292911E500DDB303 /* CurrenciesTableViewCell.swift */ = {isa = PBXFileReference; fileEncoding = 4; lastKnownFileType = sourcecode.swift; path = CurrenciesTableViewCell.swift; sourceTree = "<group>"; };
		ADE3343B292911E500DDB303 /* CurrenciesTableView.swift */ = {isa = PBXFileReference; fileEncoding = 4; lastKnownFileType = sourcecode.swift; path = CurrenciesTableView.swift; sourceTree = "<group>"; };
		ADE334482929123F00DDB303 /* CAGradientLayerExtension.swift */ = {isa = PBXFileReference; fileEncoding = 4; lastKnownFileType = sourcecode.swift; path = CAGradientLayerExtension.swift; sourceTree = "<group>"; };
		D7B158A318DE6755767C381E /* Pods-Pitaza170-Pitaza170UITests.release.xcconfig */ = {isa = PBXFileReference; includeInIndex = 1; lastKnownFileType = text.xcconfig; name = "Pods-Pitaza170-Pitaza170UITests.release.xcconfig"; path = "Target Support Files/Pods-Pitaza170-Pitaza170UITests/Pods-Pitaza170-Pitaza170UITests.release.xcconfig"; sourceTree = "<group>"; };
		DBC457AB74D17D5C0E853538 /* Pods-Pitaza170Tests.debug.xcconfig */ = {isa = PBXFileReference; includeInIndex = 1; lastKnownFileType = text.xcconfig; name = "Pods-Pitaza170Tests.debug.xcconfig"; path = "Target Support Files/Pods-Pitaza170Tests/Pods-Pitaza170Tests.debug.xcconfig"; sourceTree = "<group>"; };
		F0836D9C1D67527B8406E195 /* Pods-Pitaza170Tests.release.xcconfig */ = {isa = PBXFileReference; includeInIndex = 1; lastKnownFileType = text.xcconfig; name = "Pods-Pitaza170Tests.release.xcconfig"; path = "Target Support Files/Pods-Pitaza170Tests/Pods-Pitaza170Tests.release.xcconfig"; sourceTree = "<group>"; };
		F55553A29B707A4EE31E1F61 /* Pods_Pitaza170Tests.framework */ = {isa = PBXFileReference; explicitFileType = wrapper.framework; includeInIndex = 0; path = Pods_Pitaza170Tests.framework; sourceTree = BUILT_PRODUCTS_DIR; };
		F85715DAC88F205310E4599D /* Pods-Pitaza170-Pitaza170UITests.debug.xcconfig */ = {isa = PBXFileReference; includeInIndex = 1; lastKnownFileType = text.xcconfig; name = "Pods-Pitaza170-Pitaza170UITests.debug.xcconfig"; path = "Target Support Files/Pods-Pitaza170-Pitaza170UITests/Pods-Pitaza170-Pitaza170UITests.debug.xcconfig"; sourceTree = "<group>"; };
/* End PBXFileReference section */

/* Begin PBXFrameworksBuildPhase section */
		2C8F27362927F67F0014B007 /* Frameworks */ = {
			isa = PBXFrameworksBuildPhase;
			buildActionMask = 2147483647;
			files = (
				2DF7061CC45C54A8D878C42A /* Pods_Pitaza170.framework in Frameworks */,
			);
			runOnlyForDeploymentPostprocessing = 0;
		};
		2C8F274C2927F6810014B007 /* Frameworks */ = {
			isa = PBXFrameworksBuildPhase;
			buildActionMask = 2147483647;
			files = (
				944C72E1ECCA0B94D47035A2 /* Pods_Pitaza170Tests.framework in Frameworks */,
			);
			runOnlyForDeploymentPostprocessing = 0;
		};
		2C8F27562927F6810014B007 /* Frameworks */ = {
			isa = PBXFrameworksBuildPhase;
			buildActionMask = 2147483647;
			files = (
				02DA1C60F6409F8DA5500FE5 /* Pods_Pitaza170_Pitaza170UITests.framework in Frameworks */,
			);
			runOnlyForDeploymentPostprocessing = 0;
		};
/* End PBXFrameworksBuildPhase section */

/* Begin PBXGroup section */
		2C0655D929282086006F79DA /* Services */ = {
			isa = PBXGroup;
			children = (
				ADE3341E292910B100DDB303 /* InternetService.swift */,
				ADE33420292910B200DDB303 /* PhotoService.swift */,
				2C0655DA292820E1006F79DA /* InsetsProvider.swift */,
			);
			path = Services;
			sourceTree = "<group>";
		};
		2C8F27302927F67F0014B007 = {
			isa = PBXGroup;
			children = (
				2C8F273B2927F67F0014B007 /* Pitaza170 */,
				2C8F27522927F6810014B007 /* Pitaza170Tests */,
				2C8F275C2927F6810014B007 /* Pitaza170UITests */,
				2C8F273A2927F67F0014B007 /* Products */,
				C988BB5D8CF93C0168DC1E54 /* Pods */,
				BBB3197462214AAAE4C17476 /* Frameworks */,
			);
			sourceTree = "<group>";
		};
		2C8F273A2927F67F0014B007 /* Products */ = {
			isa = PBXGroup;
			children = (
				2C8F27392927F67F0014B007 /* Pitaza170.app */,
				2C8F274F2927F6810014B007 /* Pitaza170Tests.xctest */,
				2C8F27592927F6810014B007 /* Pitaza170UITests.xctest */,
			);
			name = Products;
			sourceTree = "<group>";
		};
		2C8F273B2927F67F0014B007 /* Pitaza170 */ = {
			isa = PBXGroup;
			children = (
				2CEEC3AC29291DE500652C35 /* CommonUI */,
				ADE334472929123F00DDB303 /* Extension */,
				ADE33429292911E500DDB303 /* BagView */,
				2C8F276C2927FAAA0014B007 /* AppGraph.swift */,
				2C8F27772928137F0014B007 /* Authentication */,
				2C0655D929282086006F79DA /* Services */,
				2C8F276F292802720014B007 /* Supporting files */,
				2C8F2776292812FA0014B007 /* Resources */,
				2C8F274A2927F6810014B007 /* Info.plist */,
			);
			path = Pitaza170;
			sourceTree = "<group>";
		};
		2C8F27522927F6810014B007 /* Pitaza170Tests */ = {
			isa = PBXGroup;
			children = (
				2C8F27532927F6810014B007 /* Pitaza170Tests.swift */,
			);
			path = Pitaza170Tests;
			sourceTree = "<group>";
		};
		2C8F275C2927F6810014B007 /* Pitaza170UITests */ = {
			isa = PBXGroup;
			children = (
				2C8F275D2927F6810014B007 /* Pitaza170UITests.swift */,
				2C8F275F2927F6810014B007 /* Pitaza170UITestsLaunchTests.swift */,
			);
			path = Pitaza170UITests;
			sourceTree = "<group>";
		};
		2C8F276F292802720014B007 /* Supporting files */ = {
			isa = PBXGroup;
			children = (
				2C8F27472927F6810014B007 /* LaunchScreen.storyboard */,
				2C8F273E2927F67F0014B007 /* SceneDelegate.swift */,
				2C8F273C2927F67F0014B007 /* AppDelegate.swift */,
			);
			path = "Supporting files";
			sourceTree = "<group>";
		};
		2C8F2776292812FA0014B007 /* Resources */ = {
			isa = PBXGroup;
			children = (
				2C8F27452927F6810014B007 /* Assets.xcassets */,
			);
			path = Resources;
			sourceTree = "<group>";
		};
		2C8F27772928137F0014B007 /* Authentication */ = {
			isa = PBXGroup;
			children = (
				2C8F277A292814A00014B007 /* Views */,
				2C8F277B292816220014B007 /* Controllers */,
			);
			path = Authentication;
			sourceTree = "<group>";
		};
		2C8F277A292814A00014B007 /* Views */ = {
			isa = PBXGroup;
			children = (
				2C8F277D292816BF0014B007 /* AuthenticationButton.swift */,
				2C0655DE292835B1006F79DA /* AuthenticationTextField.swift */,
			);
			path = Views;
			sourceTree = "<group>";
		};
		2C8F277B292816220014B007 /* Controllers */ = {
			isa = PBXGroup;
			children = (
				2C8F2778292813BB0014B007 /* LoginViewController.swift */,
				2C0655DC29282CA3006F79DA /* AuthenticationViewController.swift */,
			);
			path = Controllers;
			sourceTree = "<group>";
		};
		2CEEC3AC29291DE500652C35 /* CommonUI */ = {
			isa = PBXGroup;
			children = (
				2CEEC3AD29291DF400652C35 /* Extensions */,
			);
			path = CommonUI;
			sourceTree = "<group>";
		};
		2CEEC3AD29291DF400652C35 /* Extensions */ = {
			isa = PBXGroup;
			children = (
				2CEEC3AE29291E1900652C35 /* CAGradientLayer+Extension.swift */,
				2CEEC3B029291E4000652C35 /* UIView+Extension.swift */,
			);
			path = Extensions;
			sourceTree = "<group>";
		};
		ADE33429292911E500DDB303 /* BagView */ = {
			isa = PBXGroup;
			children = (
				ADE3342A292911E500DDB303 /* Presenter */,
				ADE3342D292911E500DDB303 /* Model */,
				ADE33430292911E500DDB303 /* View */,
			);
			path = BagView;
			sourceTree = "<group>";
		};
		ADE3342A292911E500DDB303 /* Presenter */ = {
			isa = PBXGroup;
			children = (
				ADE3342B292911E500DDB303 /* InputOutputBagView.swift */,
				ADE3342C292911E500DDB303 /* BagViewPresenter.swift */,
			);
			path = Presenter;
			sourceTree = "<group>";
		};
		ADE3342D292911E500DDB303 /* Model */ = {
			isa = PBXGroup;
			children = (
				ADE3342E292911E500DDB303 /* UserCurrencyModel.swift */,
				ADE3342F292911E500DDB303 /* UserRubles.swift */,
			);
			path = Model;
			sourceTree = "<group>";
		};
		ADE33430292911E500DDB303 /* View */ = {
			isa = PBXGroup;
			children = (
				ADE33431292911E500DDB303 /* BagViewController.swift */,
				ADE33432292911E500DDB303 /* BalanceSubModule */,
				ADE33435292911E500DDB303 /* BagView.swift */,
				ADE33436292911E500DDB303 /* CurrenciesTableViewSubModule */,
			);
			path = View;
			sourceTree = "<group>";
		};
		ADE33432292911E500DDB303 /* BalanceSubModule */ = {
			isa = PBXGroup;
			children = (
				ADE33433292911E500DDB303 /* BalanceViewController.swift */,
				ADE33434292911E500DDB303 /* BalanceView.swift */,
			);
			path = BalanceSubModule;
			sourceTree = "<group>";
		};
		ADE33436292911E500DDB303 /* CurrenciesTableViewSubModule */ = {
			isa = PBXGroup;
			children = (
				ADE33437292911E500DDB303 /* Controllers */,
				ADE33439292911E500DDB303 /* Views */,
			);
			path = CurrenciesTableViewSubModule;
			sourceTree = "<group>";
		};
		ADE33437292911E500DDB303 /* Controllers */ = {
			isa = PBXGroup;
			children = (
				ADE33438292911E500DDB303 /* CurrenciesTableViewController.swift */,
			);
			path = Controllers;
			sourceTree = "<group>";
		};
		ADE33439292911E500DDB303 /* Views */ = {
			isa = PBXGroup;
			children = (
				ADE3343A292911E500DDB303 /* CurrenciesTableViewCell.swift */,
				ADE3343B292911E500DDB303 /* CurrenciesTableView.swift */,
			);
			path = Views;
			sourceTree = "<group>";
		};
		ADE334472929123F00DDB303 /* Extension */ = {
			isa = PBXGroup;
			children = (
				ADE334482929123F00DDB303 /* CAGradientLayerExtension.swift */,
			);
			path = Extension;
			sourceTree = "<group>";
		};
		BBB3197462214AAAE4C17476 /* Frameworks */ = {
			isa = PBXGroup;
			children = (
				61A56304943E601CB2C32C34 /* Pods_Pitaza170.framework */,
				19E766F820096CED64B759B7 /* Pods_Pitaza170_Pitaza170UITests.framework */,
				F55553A29B707A4EE31E1F61 /* Pods_Pitaza170Tests.framework */,
			);
			name = Frameworks;
			sourceTree = "<group>";
		};
		C988BB5D8CF93C0168DC1E54 /* Pods */ = {
			isa = PBXGroup;
			children = (
				7FB667142094942B3054B3B7 /* Pods-Pitaza170.debug.xcconfig */,
				31E6FA5707C44548DDD31F8B /* Pods-Pitaza170.release.xcconfig */,
				F85715DAC88F205310E4599D /* Pods-Pitaza170-Pitaza170UITests.debug.xcconfig */,
				D7B158A318DE6755767C381E /* Pods-Pitaza170-Pitaza170UITests.release.xcconfig */,
				DBC457AB74D17D5C0E853538 /* Pods-Pitaza170Tests.debug.xcconfig */,
				F0836D9C1D67527B8406E195 /* Pods-Pitaza170Tests.release.xcconfig */,
			);
			path = Pods;
			sourceTree = "<group>";
		};
/* End PBXGroup section */

/* Begin PBXNativeTarget section */
		2C8F27382927F67F0014B007 /* Pitaza170 */ = {
			isa = PBXNativeTarget;
			buildConfigurationList = 2C8F27632927F6810014B007 /* Build configuration list for PBXNativeTarget "Pitaza170" */;
			buildPhases = (
				105FC8344383F12BE27CB2C2 /* [CP] Check Pods Manifest.lock */,
				2C8F276E2927FE010014B007 /* SwiftLint */,
				2C8F27352927F67F0014B007 /* Sources */,
				2C8F27362927F67F0014B007 /* Frameworks */,
				2C8F27372927F67F0014B007 /* Resources */,
				AB36FE9E29EC81E67C2FF40E /* [CP] Embed Pods Frameworks */,
			);
			buildRules = (
			);
			dependencies = (
			);
			name = Pitaza170;
			productName = Pitaza170;
			productReference = 2C8F27392927F67F0014B007 /* Pitaza170.app */;
			productType = "com.apple.product-type.application";
		};
		2C8F274E2927F6810014B007 /* Pitaza170Tests */ = {
			isa = PBXNativeTarget;
			buildConfigurationList = 2C8F27662927F6810014B007 /* Build configuration list for PBXNativeTarget "Pitaza170Tests" */;
			buildPhases = (
				8EC89496178DD64FEACEBF48 /* [CP] Check Pods Manifest.lock */,
				2C8F274B2927F6810014B007 /* Sources */,
				2C8F274C2927F6810014B007 /* Frameworks */,
				2C8F274D2927F6810014B007 /* Resources */,
			);
			buildRules = (
			);
			dependencies = (
				2C8F27512927F6810014B007 /* PBXTargetDependency */,
			);
			name = Pitaza170Tests;
			productName = Pitaza170Tests;
			productReference = 2C8F274F2927F6810014B007 /* Pitaza170Tests.xctest */;
			productType = "com.apple.product-type.bundle.unit-test";
		};
		2C8F27582927F6810014B007 /* Pitaza170UITests */ = {
			isa = PBXNativeTarget;
			buildConfigurationList = 2C8F27692927F6810014B007 /* Build configuration list for PBXNativeTarget "Pitaza170UITests" */;
			buildPhases = (
				69475A67640AD345CF75BDA4 /* [CP] Check Pods Manifest.lock */,
				2C8F27552927F6810014B007 /* Sources */,
				2C8F27562927F6810014B007 /* Frameworks */,
				2C8F27572927F6810014B007 /* Resources */,
				0A15056FAF3401995E2265C4 /* [CP] Embed Pods Frameworks */,
			);
			buildRules = (
			);
			dependencies = (
				2C8F275B2927F6810014B007 /* PBXTargetDependency */,
			);
			name = Pitaza170UITests;
			productName = Pitaza170UITests;
			productReference = 2C8F27592927F6810014B007 /* Pitaza170UITests.xctest */;
			productType = "com.apple.product-type.bundle.ui-testing";
		};
/* End PBXNativeTarget section */

/* Begin PBXProject section */
		2C8F27312927F67F0014B007 /* Project object */ = {
			isa = PBXProject;
			attributes = {
				BuildIndependentTargetsInParallel = 1;
				LastSwiftUpdateCheck = 1410;
				LastUpgradeCheck = 1410;
				TargetAttributes = {
					2C8F27382927F67F0014B007 = {
						CreatedOnToolsVersion = 14.1;
					};
					2C8F274E2927F6810014B007 = {
						CreatedOnToolsVersion = 14.1;
						TestTargetID = 2C8F27382927F67F0014B007;
					};
					2C8F27582927F6810014B007 = {
						CreatedOnToolsVersion = 14.1;
						TestTargetID = 2C8F27382927F67F0014B007;
					};
				};
			};
			buildConfigurationList = 2C8F27342927F67F0014B007 /* Build configuration list for PBXProject "Pitaza170" */;
			compatibilityVersion = "Xcode 14.0";
			developmentRegion = en;
			hasScannedForEncodings = 0;
			knownRegions = (
				en,
				Base,
			);
			mainGroup = 2C8F27302927F67F0014B007;
			productRefGroup = 2C8F273A2927F67F0014B007 /* Products */;
			projectDirPath = "";
			projectRoot = "";
			targets = (
				2C8F27382927F67F0014B007 /* Pitaza170 */,
				2C8F274E2927F6810014B007 /* Pitaza170Tests */,
				2C8F27582927F6810014B007 /* Pitaza170UITests */,
			);
		};
/* End PBXProject section */

/* Begin PBXResourcesBuildPhase section */
		2C8F27372927F67F0014B007 /* Resources */ = {
			isa = PBXResourcesBuildPhase;
			buildActionMask = 2147483647;
			files = (
				2C8F27492927F6810014B007 /* LaunchScreen.storyboard in Resources */,
				2C8F27462927F6810014B007 /* Assets.xcassets in Resources */,
			);
			runOnlyForDeploymentPostprocessing = 0;
		};
		2C8F274D2927F6810014B007 /* Resources */ = {
			isa = PBXResourcesBuildPhase;
			buildActionMask = 2147483647;
			files = (
			);
			runOnlyForDeploymentPostprocessing = 0;
		};
		2C8F27572927F6810014B007 /* Resources */ = {
			isa = PBXResourcesBuildPhase;
			buildActionMask = 2147483647;
			files = (
			);
			runOnlyForDeploymentPostprocessing = 0;
		};
/* End PBXResourcesBuildPhase section */

/* Begin PBXShellScriptBuildPhase section */
		0A15056FAF3401995E2265C4 /* [CP] Embed Pods Frameworks */ = {
			isa = PBXShellScriptBuildPhase;
			buildActionMask = 2147483647;
			files = (
			);
			inputFileListPaths = (
				"${PODS_ROOT}/Target Support Files/Pods-Pitaza170-Pitaza170UITests/Pods-Pitaza170-Pitaza170UITests-frameworks-${CONFIGURATION}-input-files.xcfilelist",
			);
			name = "[CP] Embed Pods Frameworks";
			outputFileListPaths = (
				"${PODS_ROOT}/Target Support Files/Pods-Pitaza170-Pitaza170UITests/Pods-Pitaza170-Pitaza170UITests-frameworks-${CONFIGURATION}-output-files.xcfilelist",
			);
			runOnlyForDeploymentPostprocessing = 0;
			shellPath = /bin/sh;
			shellScript = "\"${PODS_ROOT}/Target Support Files/Pods-Pitaza170-Pitaza170UITests/Pods-Pitaza170-Pitaza170UITests-frameworks.sh\"\n";
			showEnvVarsInLog = 0;
		};
		105FC8344383F12BE27CB2C2 /* [CP] Check Pods Manifest.lock */ = {
			isa = PBXShellScriptBuildPhase;
			buildActionMask = 2147483647;
			files = (
			);
			inputFileListPaths = (
			);
			inputPaths = (
				"${PODS_PODFILE_DIR_PATH}/Podfile.lock",
				"${PODS_ROOT}/Manifest.lock",
			);
			name = "[CP] Check Pods Manifest.lock";
			outputFileListPaths = (
			);
			outputPaths = (
				"$(DERIVED_FILE_DIR)/Pods-Pitaza170-checkManifestLockResult.txt",
			);
			runOnlyForDeploymentPostprocessing = 0;
			shellPath = /bin/sh;
			shellScript = "diff \"${PODS_PODFILE_DIR_PATH}/Podfile.lock\" \"${PODS_ROOT}/Manifest.lock\" > /dev/null\nif [ $? != 0 ] ; then\n    # print error to STDERR\n    echo \"error: The sandbox is not in sync with the Podfile.lock. Run 'pod install' or update your CocoaPods installation.\" >&2\n    exit 1\nfi\n# This output is used by Xcode 'outputs' to avoid re-running this script phase.\necho \"SUCCESS\" > \"${SCRIPT_OUTPUT_FILE_0}\"\n";
			showEnvVarsInLog = 0;
		};
		2C8F276E2927FE010014B007 /* SwiftLint */ = {
			isa = PBXShellScriptBuildPhase;
			buildActionMask = 2147483647;
			files = (
			);
			inputFileListPaths = (
			);
			inputPaths = (
			);
			name = SwiftLint;
			outputFileListPaths = (
			);
			outputPaths = (
			);
			runOnlyForDeploymentPostprocessing = 0;
			shellPath = /bin/sh;
			shellScript = "\"${PODS_ROOT}/SwiftLint/swiftlint\"\n";
		};
		69475A67640AD345CF75BDA4 /* [CP] Check Pods Manifest.lock */ = {
			isa = PBXShellScriptBuildPhase;
			buildActionMask = 2147483647;
			files = (
			);
			inputFileListPaths = (
			);
			inputPaths = (
				"${PODS_PODFILE_DIR_PATH}/Podfile.lock",
				"${PODS_ROOT}/Manifest.lock",
			);
			name = "[CP] Check Pods Manifest.lock";
			outputFileListPaths = (
			);
			outputPaths = (
				"$(DERIVED_FILE_DIR)/Pods-Pitaza170-Pitaza170UITests-checkManifestLockResult.txt",
			);
			runOnlyForDeploymentPostprocessing = 0;
			shellPath = /bin/sh;
			shellScript = "diff \"${PODS_PODFILE_DIR_PATH}/Podfile.lock\" \"${PODS_ROOT}/Manifest.lock\" > /dev/null\nif [ $? != 0 ] ; then\n    # print error to STDERR\n    echo \"error: The sandbox is not in sync with the Podfile.lock. Run 'pod install' or update your CocoaPods installation.\" >&2\n    exit 1\nfi\n# This output is used by Xcode 'outputs' to avoid re-running this script phase.\necho \"SUCCESS\" > \"${SCRIPT_OUTPUT_FILE_0}\"\n";
			showEnvVarsInLog = 0;
		};
		8EC89496178DD64FEACEBF48 /* [CP] Check Pods Manifest.lock */ = {
			isa = PBXShellScriptBuildPhase;
			buildActionMask = 2147483647;
			files = (
			);
			inputFileListPaths = (
			);
			inputPaths = (
				"${PODS_PODFILE_DIR_PATH}/Podfile.lock",
				"${PODS_ROOT}/Manifest.lock",
			);
			name = "[CP] Check Pods Manifest.lock";
			outputFileListPaths = (
			);
			outputPaths = (
				"$(DERIVED_FILE_DIR)/Pods-Pitaza170Tests-checkManifestLockResult.txt",
			);
			runOnlyForDeploymentPostprocessing = 0;
			shellPath = /bin/sh;
			shellScript = "diff \"${PODS_PODFILE_DIR_PATH}/Podfile.lock\" \"${PODS_ROOT}/Manifest.lock\" > /dev/null\nif [ $? != 0 ] ; then\n    # print error to STDERR\n    echo \"error: The sandbox is not in sync with the Podfile.lock. Run 'pod install' or update your CocoaPods installation.\" >&2\n    exit 1\nfi\n# This output is used by Xcode 'outputs' to avoid re-running this script phase.\necho \"SUCCESS\" > \"${SCRIPT_OUTPUT_FILE_0}\"\n";
			showEnvVarsInLog = 0;
		};
		AB36FE9E29EC81E67C2FF40E /* [CP] Embed Pods Frameworks */ = {
			isa = PBXShellScriptBuildPhase;
			buildActionMask = 2147483647;
			files = (
			);
			inputFileListPaths = (
				"${PODS_ROOT}/Target Support Files/Pods-Pitaza170/Pods-Pitaza170-frameworks-${CONFIGURATION}-input-files.xcfilelist",
			);
			name = "[CP] Embed Pods Frameworks";
			outputFileListPaths = (
				"${PODS_ROOT}/Target Support Files/Pods-Pitaza170/Pods-Pitaza170-frameworks-${CONFIGURATION}-output-files.xcfilelist",
			);
			runOnlyForDeploymentPostprocessing = 0;
			shellPath = /bin/sh;
			shellScript = "\"${PODS_ROOT}/Target Support Files/Pods-Pitaza170/Pods-Pitaza170-frameworks.sh\"\n";
			showEnvVarsInLog = 0;
		};
/* End PBXShellScriptBuildPhase section */

/* Begin PBXSourcesBuildPhase section */
		2C8F27352927F67F0014B007 /* Sources */ = {
			isa = PBXSourcesBuildPhase;
			buildActionMask = 2147483647;
			files = (
				2C0655DB292820E1006F79DA /* InsetsProvider.swift in Sources */,
				ADE3343E292911E500DDB303 /* UserCurrencyModel.swift in Sources */,
				2C8F2779292813BB0014B007 /* LoginViewController.swift in Sources */,
				2C8F276D2927FAAA0014B007 /* AppGraph.swift in Sources */,
				ADE3341F292910B100DDB303 /* InternetService.swift in Sources */,
				2C0655DD29282CA3006F79DA /* AuthenticationViewController.swift in Sources */,
				ADE33445292911E500DDB303 /* CurrenciesTableViewCell.swift in Sources */,
				2C0655DF292835B1006F79DA /* AuthenticationTextField.swift in Sources */,
				ADE33442292911E500DDB303 /* BalanceView.swift in Sources */,
				ADE3343D292911E500DDB303 /* BagViewPresenter.swift in Sources */,
				2CEEC3AF29291E1900652C35 /* CAGradientLayer+Extension.swift in Sources */,
				2C8F273D2927F67F0014B007 /* AppDelegate.swift in Sources */,
				ADE33444292911E500DDB303 /* CurrenciesTableViewController.swift in Sources */,
				2C8F273F2927F67F0014B007 /* SceneDelegate.swift in Sources */,
				ADE33421292910B200DDB303 /* PhotoService.swift in Sources */,
				ADE33441292911E500DDB303 /* BalanceViewController.swift in Sources */,
				ADE3343C292911E500DDB303 /* InputOutputBagView.swift in Sources */,
				ADE33446292911E500DDB303 /* CurrenciesTableView.swift in Sources */,
				2CEEC3B129291E4000652C35 /* UIView+Extension.swift in Sources */,
				2C8F277E292816BF0014B007 /* AuthenticationButton.swift in Sources */,
				ADE33440292911E500DDB303 /* BagViewController.swift in Sources */,
				ADE3343F292911E500DDB303 /* UserRubles.swift in Sources */,
				ADE33443292911E500DDB303 /* BagView.swift in Sources */,
				ADE334492929123F00DDB303 /* CAGradientLayerExtension.swift in Sources */,
			);
			runOnlyForDeploymentPostprocessing = 0;
		};
		2C8F274B2927F6810014B007 /* Sources */ = {
			isa = PBXSourcesBuildPhase;
			buildActionMask = 2147483647;
			files = (
				2C8F27542927F6810014B007 /* Pitaza170Tests.swift in Sources */,
			);
			runOnlyForDeploymentPostprocessing = 0;
		};
		2C8F27552927F6810014B007 /* Sources */ = {
			isa = PBXSourcesBuildPhase;
			buildActionMask = 2147483647;
			files = (
				2C8F27602927F6810014B007 /* Pitaza170UITestsLaunchTests.swift in Sources */,
				2C8F275E2927F6810014B007 /* Pitaza170UITests.swift in Sources */,
			);
			runOnlyForDeploymentPostprocessing = 0;
		};
/* End PBXSourcesBuildPhase section */

/* Begin PBXTargetDependency section */
		2C8F27512927F6810014B007 /* PBXTargetDependency */ = {
			isa = PBXTargetDependency;
			target = 2C8F27382927F67F0014B007 /* Pitaza170 */;
			targetProxy = 2C8F27502927F6810014B007 /* PBXContainerItemProxy */;
		};
		2C8F275B2927F6810014B007 /* PBXTargetDependency */ = {
			isa = PBXTargetDependency;
			target = 2C8F27382927F67F0014B007 /* Pitaza170 */;
			targetProxy = 2C8F275A2927F6810014B007 /* PBXContainerItemProxy */;
		};
/* End PBXTargetDependency section */

/* Begin PBXVariantGroup section */
		2C8F27472927F6810014B007 /* LaunchScreen.storyboard */ = {
			isa = PBXVariantGroup;
			children = (
				2C8F27482927F6810014B007 /* Base */,
			);
			name = LaunchScreen.storyboard;
			sourceTree = "<group>";
		};
/* End PBXVariantGroup section */

/* Begin XCBuildConfiguration section */
		2C8F27612927F6810014B007 /* Debug */ = {
			isa = XCBuildConfiguration;
			buildSettings = {
				ALWAYS_SEARCH_USER_PATHS = NO;
				CLANG_ANALYZER_NONNULL = YES;
				CLANG_ANALYZER_NUMBER_OBJECT_CONVERSION = YES_AGGRESSIVE;
				CLANG_CXX_LANGUAGE_STANDARD = "gnu++20";
				CLANG_ENABLE_MODULES = YES;
				CLANG_ENABLE_OBJC_ARC = YES;
				CLANG_ENABLE_OBJC_WEAK = YES;
				CLANG_WARN_BLOCK_CAPTURE_AUTORELEASING = YES;
				CLANG_WARN_BOOL_CONVERSION = YES;
				CLANG_WARN_COMMA = YES;
				CLANG_WARN_CONSTANT_CONVERSION = YES;
				CLANG_WARN_DEPRECATED_OBJC_IMPLEMENTATIONS = YES;
				CLANG_WARN_DIRECT_OBJC_ISA_USAGE = YES_ERROR;
				CLANG_WARN_DOCUMENTATION_COMMENTS = YES;
				CLANG_WARN_EMPTY_BODY = YES;
				CLANG_WARN_ENUM_CONVERSION = YES;
				CLANG_WARN_INFINITE_RECURSION = YES;
				CLANG_WARN_INT_CONVERSION = YES;
				CLANG_WARN_NON_LITERAL_NULL_CONVERSION = YES;
				CLANG_WARN_OBJC_IMPLICIT_RETAIN_SELF = YES;
				CLANG_WARN_OBJC_LITERAL_CONVERSION = YES;
				CLANG_WARN_OBJC_ROOT_CLASS = YES_ERROR;
				CLANG_WARN_QUOTED_INCLUDE_IN_FRAMEWORK_HEADER = YES;
				CLANG_WARN_RANGE_LOOP_ANALYSIS = YES;
				CLANG_WARN_STRICT_PROTOTYPES = YES;
				CLANG_WARN_SUSPICIOUS_MOVE = YES;
				CLANG_WARN_UNGUARDED_AVAILABILITY = YES_AGGRESSIVE;
				CLANG_WARN_UNREACHABLE_CODE = YES;
				CLANG_WARN__DUPLICATE_METHOD_MATCH = YES;
				COPY_PHASE_STRIP = NO;
				DEBUG_INFORMATION_FORMAT = dwarf;
				ENABLE_STRICT_OBJC_MSGSEND = YES;
				ENABLE_TESTABILITY = YES;
				GCC_C_LANGUAGE_STANDARD = gnu11;
				GCC_DYNAMIC_NO_PIC = NO;
				GCC_NO_COMMON_BLOCKS = YES;
				GCC_OPTIMIZATION_LEVEL = 0;
				GCC_PREPROCESSOR_DEFINITIONS = (
					"DEBUG=1",
					"$(inherited)",
				);
				GCC_WARN_64_TO_32_BIT_CONVERSION = YES;
				GCC_WARN_ABOUT_RETURN_TYPE = YES_ERROR;
				GCC_WARN_UNDECLARED_SELECTOR = YES;
				GCC_WARN_UNINITIALIZED_AUTOS = YES_AGGRESSIVE;
				GCC_WARN_UNUSED_FUNCTION = YES;
				GCC_WARN_UNUSED_VARIABLE = YES;
				IPHONEOS_DEPLOYMENT_TARGET = 14.0;
				MTL_ENABLE_DEBUG_INFO = INCLUDE_SOURCE;
				MTL_FAST_MATH = YES;
				ONLY_ACTIVE_ARCH = YES;
				SDKROOT = iphoneos;
				SWIFT_ACTIVE_COMPILATION_CONDITIONS = DEBUG;
				SWIFT_OPTIMIZATION_LEVEL = "-Onone";
			};
			name = Debug;
		};
		2C8F27622927F6810014B007 /* Release */ = {
			isa = XCBuildConfiguration;
			buildSettings = {
				ALWAYS_SEARCH_USER_PATHS = NO;
				CLANG_ANALYZER_NONNULL = YES;
				CLANG_ANALYZER_NUMBER_OBJECT_CONVERSION = YES_AGGRESSIVE;
				CLANG_CXX_LANGUAGE_STANDARD = "gnu++20";
				CLANG_ENABLE_MODULES = YES;
				CLANG_ENABLE_OBJC_ARC = YES;
				CLANG_ENABLE_OBJC_WEAK = YES;
				CLANG_WARN_BLOCK_CAPTURE_AUTORELEASING = YES;
				CLANG_WARN_BOOL_CONVERSION = YES;
				CLANG_WARN_COMMA = YES;
				CLANG_WARN_CONSTANT_CONVERSION = YES;
				CLANG_WARN_DEPRECATED_OBJC_IMPLEMENTATIONS = YES;
				CLANG_WARN_DIRECT_OBJC_ISA_USAGE = YES_ERROR;
				CLANG_WARN_DOCUMENTATION_COMMENTS = YES;
				CLANG_WARN_EMPTY_BODY = YES;
				CLANG_WARN_ENUM_CONVERSION = YES;
				CLANG_WARN_INFINITE_RECURSION = YES;
				CLANG_WARN_INT_CONVERSION = YES;
				CLANG_WARN_NON_LITERAL_NULL_CONVERSION = YES;
				CLANG_WARN_OBJC_IMPLICIT_RETAIN_SELF = YES;
				CLANG_WARN_OBJC_LITERAL_CONVERSION = YES;
				CLANG_WARN_OBJC_ROOT_CLASS = YES_ERROR;
				CLANG_WARN_QUOTED_INCLUDE_IN_FRAMEWORK_HEADER = YES;
				CLANG_WARN_RANGE_LOOP_ANALYSIS = YES;
				CLANG_WARN_STRICT_PROTOTYPES = YES;
				CLANG_WARN_SUSPICIOUS_MOVE = YES;
				CLANG_WARN_UNGUARDED_AVAILABILITY = YES_AGGRESSIVE;
				CLANG_WARN_UNREACHABLE_CODE = YES;
				CLANG_WARN__DUPLICATE_METHOD_MATCH = YES;
				COPY_PHASE_STRIP = NO;
				DEBUG_INFORMATION_FORMAT = "dwarf-with-dsym";
				ENABLE_NS_ASSERTIONS = NO;
				ENABLE_STRICT_OBJC_MSGSEND = YES;
				GCC_C_LANGUAGE_STANDARD = gnu11;
				GCC_NO_COMMON_BLOCKS = YES;
				GCC_WARN_64_TO_32_BIT_CONVERSION = YES;
				GCC_WARN_ABOUT_RETURN_TYPE = YES_ERROR;
				GCC_WARN_UNDECLARED_SELECTOR = YES;
				GCC_WARN_UNINITIALIZED_AUTOS = YES_AGGRESSIVE;
				GCC_WARN_UNUSED_FUNCTION = YES;
				GCC_WARN_UNUSED_VARIABLE = YES;
				IPHONEOS_DEPLOYMENT_TARGET = 14.0;
				MTL_ENABLE_DEBUG_INFO = NO;
				MTL_FAST_MATH = YES;
				SDKROOT = iphoneos;
				SWIFT_COMPILATION_MODE = wholemodule;
				SWIFT_OPTIMIZATION_LEVEL = "-O";
				VALIDATE_PRODUCT = YES;
			};
			name = Release;
		};
		2C8F27642927F6810014B007 /* Debug */ = {
			isa = XCBuildConfiguration;
			baseConfigurationReference = 7FB667142094942B3054B3B7 /* Pods-Pitaza170.debug.xcconfig */;
			buildSettings = {
				ASSETCATALOG_COMPILER_APPICON_NAME = AppIcon;
				ASSETCATALOG_COMPILER_GLOBAL_ACCENT_COLOR_NAME = AccentColor;
				CODE_SIGN_STYLE = Automatic;
				CURRENT_PROJECT_VERSION = 1;
				GENERATE_INFOPLIST_FILE = YES;
				INFOPLIST_FILE = Pitaza170/Info.plist;
				INFOPLIST_KEY_UIApplicationSupportsIndirectInputEvents = YES;
				INFOPLIST_KEY_UILaunchStoryboardName = LaunchScreen;
				INFOPLIST_KEY_UISupportedInterfaceOrientations_iPad = "UIInterfaceOrientationPortrait UIInterfaceOrientationPortraitUpsideDown UIInterfaceOrientationLandscapeLeft UIInterfaceOrientationLandscapeRight";
				INFOPLIST_KEY_UISupportedInterfaceOrientations_iPhone = "UIInterfaceOrientationPortrait UIInterfaceOrientationLandscapeLeft UIInterfaceOrientationLandscapeRight";
				IPHONEOS_DEPLOYMENT_TARGET = 14.0;
				LD_RUNPATH_SEARCH_PATHS = (
					"$(inherited)",
					"@executable_path/Frameworks",
				);
				MARKETING_VERSION = 1.0;
				PRODUCT_BUNDLE_IDENTIFIER = Pitaza170.Pitaza170;
				PRODUCT_NAME = "$(TARGET_NAME)";
				SUPPORTED_PLATFORMS = "iphoneos iphonesimulator";
				SUPPORTS_MACCATALYST = NO;
				SUPPORTS_MAC_DESIGNED_FOR_IPHONE_IPAD = NO;
				SWIFT_EMIT_LOC_STRINGS = YES;
				SWIFT_VERSION = 5.0;
				TARGETED_DEVICE_FAMILY = "1,2";
			};
			name = Debug;
		};
		2C8F27652927F6810014B007 /* Release */ = {
			isa = XCBuildConfiguration;
			baseConfigurationReference = 31E6FA5707C44548DDD31F8B /* Pods-Pitaza170.release.xcconfig */;
			buildSettings = {
				ASSETCATALOG_COMPILER_APPICON_NAME = AppIcon;
				ASSETCATALOG_COMPILER_GLOBAL_ACCENT_COLOR_NAME = AccentColor;
				CODE_SIGN_STYLE = Automatic;
				CURRENT_PROJECT_VERSION = 1;
				GENERATE_INFOPLIST_FILE = YES;
				INFOPLIST_FILE = Pitaza170/Info.plist;
				INFOPLIST_KEY_UIApplicationSupportsIndirectInputEvents = YES;
				INFOPLIST_KEY_UILaunchStoryboardName = LaunchScreen;
				INFOPLIST_KEY_UISupportedInterfaceOrientations_iPad = "UIInterfaceOrientationPortrait UIInterfaceOrientationPortraitUpsideDown UIInterfaceOrientationLandscapeLeft UIInterfaceOrientationLandscapeRight";
				INFOPLIST_KEY_UISupportedInterfaceOrientations_iPhone = "UIInterfaceOrientationPortrait UIInterfaceOrientationLandscapeLeft UIInterfaceOrientationLandscapeRight";
				IPHONEOS_DEPLOYMENT_TARGET = 14.0;
				LD_RUNPATH_SEARCH_PATHS = (
					"$(inherited)",
					"@executable_path/Frameworks",
				);
				MARKETING_VERSION = 1.0;
				PRODUCT_BUNDLE_IDENTIFIER = Pitaza170.Pitaza170;
				PRODUCT_NAME = "$(TARGET_NAME)";
				SUPPORTED_PLATFORMS = "iphoneos iphonesimulator";
				SUPPORTS_MACCATALYST = NO;
				SUPPORTS_MAC_DESIGNED_FOR_IPHONE_IPAD = NO;
				SWIFT_EMIT_LOC_STRINGS = YES;
				SWIFT_VERSION = 5.0;
				TARGETED_DEVICE_FAMILY = "1,2";
			};
			name = Release;
		};
		2C8F27672927F6810014B007 /* Debug */ = {
			isa = XCBuildConfiguration;
			baseConfigurationReference = DBC457AB74D17D5C0E853538 /* Pods-Pitaza170Tests.debug.xcconfig */;
			buildSettings = {
				ALWAYS_EMBED_SWIFT_STANDARD_LIBRARIES = YES;
				BUNDLE_LOADER = "$(TEST_HOST)";
				CODE_SIGN_STYLE = Automatic;
				CURRENT_PROJECT_VERSION = 1;
				GENERATE_INFOPLIST_FILE = YES;
				IPHONEOS_DEPLOYMENT_TARGET = 16.1;
				MARKETING_VERSION = 1.0;
				PRODUCT_BUNDLE_IDENTIFIER = Pitaza170.Pitaza170Tests;
				PRODUCT_NAME = "$(TARGET_NAME)";
				SWIFT_EMIT_LOC_STRINGS = NO;
				SWIFT_VERSION = 5.0;
				TARGETED_DEVICE_FAMILY = "1,2";
				TEST_HOST = "$(BUILT_PRODUCTS_DIR)/Pitaza170.app/$(BUNDLE_EXECUTABLE_FOLDER_PATH)/Pitaza170";
			};
			name = Debug;
		};
		2C8F27682927F6810014B007 /* Release */ = {
			isa = XCBuildConfiguration;
			baseConfigurationReference = F0836D9C1D67527B8406E195 /* Pods-Pitaza170Tests.release.xcconfig */;
			buildSettings = {
				ALWAYS_EMBED_SWIFT_STANDARD_LIBRARIES = YES;
				BUNDLE_LOADER = "$(TEST_HOST)";
				CODE_SIGN_STYLE = Automatic;
				CURRENT_PROJECT_VERSION = 1;
				GENERATE_INFOPLIST_FILE = YES;
				IPHONEOS_DEPLOYMENT_TARGET = 16.1;
				MARKETING_VERSION = 1.0;
				PRODUCT_BUNDLE_IDENTIFIER = Pitaza170.Pitaza170Tests;
				PRODUCT_NAME = "$(TARGET_NAME)";
				SWIFT_EMIT_LOC_STRINGS = NO;
				SWIFT_VERSION = 5.0;
				TARGETED_DEVICE_FAMILY = "1,2";
				TEST_HOST = "$(BUILT_PRODUCTS_DIR)/Pitaza170.app/$(BUNDLE_EXECUTABLE_FOLDER_PATH)/Pitaza170";
			};
			name = Release;
		};
		2C8F276A2927F6810014B007 /* Debug */ = {
			isa = XCBuildConfiguration;
			baseConfigurationReference = F85715DAC88F205310E4599D /* Pods-Pitaza170-Pitaza170UITests.debug.xcconfig */;
			buildSettings = {
				ALWAYS_EMBED_SWIFT_STANDARD_LIBRARIES = YES;
				CODE_SIGN_STYLE = Automatic;
				CURRENT_PROJECT_VERSION = 1;
				GENERATE_INFOPLIST_FILE = YES;
				MARKETING_VERSION = 1.0;
				PRODUCT_BUNDLE_IDENTIFIER = Pitaza170.Pitaza170UITests;
				PRODUCT_NAME = "$(TARGET_NAME)";
				SWIFT_EMIT_LOC_STRINGS = NO;
				SWIFT_VERSION = 5.0;
				TARGETED_DEVICE_FAMILY = "1,2";
				TEST_TARGET_NAME = Pitaza170;
			};
			name = Debug;
		};
		2C8F276B2927F6810014B007 /* Release */ = {
			isa = XCBuildConfiguration;
			baseConfigurationReference = D7B158A318DE6755767C381E /* Pods-Pitaza170-Pitaza170UITests.release.xcconfig */;
			buildSettings = {
				ALWAYS_EMBED_SWIFT_STANDARD_LIBRARIES = YES;
				CODE_SIGN_STYLE = Automatic;
				CURRENT_PROJECT_VERSION = 1;
				GENERATE_INFOPLIST_FILE = YES;
				MARKETING_VERSION = 1.0;
				PRODUCT_BUNDLE_IDENTIFIER = Pitaza170.Pitaza170UITests;
				PRODUCT_NAME = "$(TARGET_NAME)";
				SWIFT_EMIT_LOC_STRINGS = NO;
				SWIFT_VERSION = 5.0;
				TARGETED_DEVICE_FAMILY = "1,2";
				TEST_TARGET_NAME = Pitaza170;
			};
			name = Release;
		};
/* End XCBuildConfiguration section */

/* Begin XCConfigurationList section */
		2C8F27342927F67F0014B007 /* Build configuration list for PBXProject "Pitaza170" */ = {
			isa = XCConfigurationList;
			buildConfigurations = (
				2C8F27612927F6810014B007 /* Debug */,
				2C8F27622927F6810014B007 /* Release */,
			);
			defaultConfigurationIsVisible = 0;
			defaultConfigurationName = Release;
		};
		2C8F27632927F6810014B007 /* Build configuration list for PBXNativeTarget "Pitaza170" */ = {
			isa = XCConfigurationList;
			buildConfigurations = (
				2C8F27642927F6810014B007 /* Debug */,
				2C8F27652927F6810014B007 /* Release */,
			);
			defaultConfigurationIsVisible = 0;
			defaultConfigurationName = Release;
		};
		2C8F27662927F6810014B007 /* Build configuration list for PBXNativeTarget "Pitaza170Tests" */ = {
			isa = XCConfigurationList;
			buildConfigurations = (
				2C8F27672927F6810014B007 /* Debug */,
				2C8F27682927F6810014B007 /* Release */,
			);
			defaultConfigurationIsVisible = 0;
			defaultConfigurationName = Release;
		};
		2C8F27692927F6810014B007 /* Build configuration list for PBXNativeTarget "Pitaza170UITests" */ = {
			isa = XCConfigurationList;
			buildConfigurations = (
				2C8F276A2927F6810014B007 /* Debug */,
				2C8F276B2927F6810014B007 /* Release */,
			);
			defaultConfigurationIsVisible = 0;
			defaultConfigurationName = Release;
		};
/* End XCConfigurationList section */
	};
	rootObject = 2C8F27312927F67F0014B007 /* Project object */;
}
